// !$*UTF8*$!
{
	archiveVersion = 1;
	classes = {
	};
	objectVersion = 50;
	objects = {

/* Begin PBXBuildFile section */
		B267763122C5BA0D00AA657E /* main.swift in Sources */ = {isa = PBXBuildFile; fileRef = B267763022C5BA0D00AA657E /* main.swift */; };
		B267763C22C5EE8B00AA657E /* consoleIO.swift in Sources */ = {isa = PBXBuildFile; fileRef = B267763B22C5EE8B00AA657E /* consoleIO.swift */; };
		B267763E22C65ED200AA657E /* panagram.swift in Sources */ = {isa = PBXBuildFile; fileRef = B267763D22C65ED200AA657E /* panagram.swift */; };
		B267764222C73D4600AA657E /* filePro.swift in Sources */ = {isa = PBXBuildFile; fileRef = B267764122C73D4500AA657E /* filePro.swift */; };
		B270A4A822DC814700842A17 /* mps-ref.swift in Sources */ = {isa = PBXBuildFile; fileRef = B270A4A722DC814700842A17 /* mps-ref.swift */; };
		B276301222E5FCF100B52E39 /* MiniArray.swift in Sources */ = {isa = PBXBuildFile; fileRef = B267763F22C6610400AA657E /* MiniArray.swift */; };
		B276301322E5FD1300B52E39 /* noodle.swift in Sources */ = {isa = PBXBuildFile; fileRef = B267764322C7409400AA657E /* noodle.swift */; };
		B2F7043A22C8A46B00FCE837 /* RevisedDict.swift in Sources */ = {isa = PBXBuildFile; fileRef = B2F7043922C8A46B00FCE837 /* RevisedDict.swift */; };
/* End PBXBuildFile section */

/* Begin PBXCopyFilesBuildPhase section */
		B267762B22C5BA0D00AA657E /* CopyFiles */ = {
			isa = PBXCopyFilesBuildPhase;
			buildActionMask = 2147483647;
			dstPath = /usr/share/man/man1/;
			dstSubfolderSpec = 0;
			files = (
			);
			runOnlyForDeploymentPostprocessing = 1;
		};
/* End PBXCopyFilesBuildPhase section */

/* Begin PBXFileReference section */
		B258AE0E22E46F34000998E9 /* Noodle2.swift */ = {isa = PBXFileReference; lastKnownFileType = sourcecode.swift; path = Noodle2.swift; sourceTree = "<group>"; };
		B266A72D22DD46C2005F3D00 /* toneFullHouseDict.json */ = {isa = PBXFileReference; lastKnownFileType = text.json; path = toneFullHouseDict.json; sourceTree = "<group>"; };
		B267762D22C5BA0D00AA657E /* cmdtool1 */ = {isa = PBXFileReference; explicitFileType = "compiled.mach-o.executable"; includeInIndex = 0; path = cmdtool1; sourceTree = BUILT_PRODUCTS_DIR; };
		B267763022C5BA0D00AA657E /* main.swift */ = {isa = PBXFileReference; lastKnownFileType = sourcecode.swift; path = main.swift; sourceTree = "<group>"; };
		B267763922C5C7BC00AA657E /* mini.csv */ = {isa = PBXFileReference; fileEncoding = 4; lastKnownFileType = text; path = mini.csv; sourceTree = "<group>"; };
		B267763A22C5D4A200AA657E /* revised.csv */ = {isa = PBXFileReference; fileEncoding = 4; lastKnownFileType = text; path = revised.csv; sourceTree = "<group>"; };
		B267763B22C5EE8B00AA657E /* consoleIO.swift */ = {isa = PBXFileReference; lastKnownFileType = sourcecode.swift; path = consoleIO.swift; sourceTree = "<group>"; };
		B267763D22C65ED200AA657E /* panagram.swift */ = {isa = PBXFileReference; lastKnownFileType = sourcecode.swift; path = panagram.swift; sourceTree = "<group>"; };
		B267763F22C6610400AA657E /* MiniArray.swift */ = {isa = PBXFileReference; lastKnownFileType = sourcecode.swift; path = MiniArray.swift; sourceTree = "<group>"; };
		B267764122C73D4500AA657E /* filePro.swift */ = {isa = PBXFileReference; lastKnownFileType = sourcecode.swift; path = filePro.swift; sourceTree = "<group>"; };
		B267764322C7409400AA657E /* noodle.swift */ = {isa = PBXFileReference; lastKnownFileType = sourcecode.swift; path = noodle.swift; sourceTree = "<group>"; };
		B270A4A722DC814700842A17 /* mps-ref.swift */ = {isa = PBXFileReference; lastKnownFileType = sourcecode.swift; path = "mps-ref.swift"; sourceTree = "<group>"; };
		B270A4A922DCBF2600842A17 /* miniZy2Chars.json */ = {isa = PBXFileReference; fileEncoding = 4; lastKnownFileType = text.json; path = miniZy2Chars.json; sourceTree = "<group>"; };
		B276300A22E5629100B52E39 /* Vocabulary.swift */ = {isa = PBXFileReference; fileEncoding = 4; lastKnownFileType = sourcecode.swift; path = Vocabulary.swift; sourceTree = "<group>"; };
		B276300C22E58D5D00B52E39 /* PhoneDictionary.swift */ = {isa = PBXFileReference; lastKnownFileType = sourcecode.swift; path = PhoneDictionary.swift; sourceTree = "<group>"; };
		B2F7043922C8A46B00FCE837 /* RevisedDict.swift */ = {isa = PBXFileReference; lastKnownFileType = sourcecode.swift; path = RevisedDict.swift; sourceTree = "<group>"; };
		B2F7043B22C9135200FCE837 /* revDict.json */ = {isa = PBXFileReference; lastKnownFileType = text.json; path = revDict.json; sourceTree = "<group>"; };
		B2F7043D22C9939100FCE837 /* miniDict.json */ = {isa = PBXFileReference; lastKnownFileType = text.json; path = miniDict.json; sourceTree = "<group>"; };
/* End PBXFileReference section */

/* Begin PBXFrameworksBuildPhase section */
		B267762A22C5BA0D00AA657E /* Frameworks */ = {
			isa = PBXFrameworksBuildPhase;
			buildActionMask = 2147483647;
			files = (
			);
			runOnlyForDeploymentPostprocessing = 0;
		};
/* End PBXFrameworksBuildPhase section */

/* Begin PBXGroup section */
		B267762422C5BA0D00AA657E = {
			isa = PBXGroup;
			children = (
				B267762F22C5BA0D00AA657E /* cmdtool1 */,
				B267762E22C5BA0D00AA657E /* Products */,
			);
			sourceTree = "<group>";
		};
		B267762E22C5BA0D00AA657E /* Products */ = {
			isa = PBXGroup;
			children = (
				B267762D22C5BA0D00AA657E /* cmdtool1 */,
			);
			name = Products;
			sourceTree = "<group>";
		};
		B267762F22C5BA0D00AA657E /* cmdtool1 */ = {
			isa = PBXGroup;
			children = (
				B267763022C5BA0D00AA657E /* main.swift */,
				B267763D22C65ED200AA657E /* panagram.swift */,
				B267764322C7409400AA657E /* noodle.swift */,
				B258AE0E22E46F34000998E9 /* Noodle2.swift */,
				B2F7043922C8A46B00FCE837 /* RevisedDict.swift */,
				B267763F22C6610400AA657E /* MiniArray.swift */,
				B267763B22C5EE8B00AA657E /* consoleIO.swift */,
				B276300A22E5629100B52E39 /* Vocabulary.swift */,
				B2F7043C22C9927200FCE837 /* data */,
				B267764122C73D4500AA657E /* filePro.swift */,
				B276300C22E58D5D00B52E39 /* PhoneDictionary.swift */,
				B270A4A722DC814700842A17 /* mps-ref.swift */,
			);
			path = cmdtool1;
			sourceTree = "<group>";
		};
		B2F7043C22C9927200FCE837 /* data */ = {
			isa = PBXGroup;
			children = (
				B266A72D22DD46C2005F3D00 /* toneFullHouseDict.json */,
				B2F7043D22C9939100FCE837 /* miniDict.json */,
				B2F7043B22C9135200FCE837 /* revDict.json */,
				B267763A22C5D4A200AA657E /* revised.csv */,
				B267763922C5C7BC00AA657E /* mini.csv */,
				B270A4A922DCBF2600842A17 /* miniZy2Chars.json */,
			);
			path = data;
			sourceTree = "<group>";
		};
/* End PBXGroup section */

/* Begin PBXNativeTarget section */
		B267762C22C5BA0D00AA657E /* cmdtool1 */ = {
			isa = PBXNativeTarget;
			buildConfigurationList = B267763422C5BA0D00AA657E /* Build configuration list for PBXNativeTarget "cmdtool1" */;
			buildPhases = (
				B267762922C5BA0D00AA657E /* Sources */,
				B267762A22C5BA0D00AA657E /* Frameworks */,
				B267762B22C5BA0D00AA657E /* CopyFiles */,
			);
			buildRules = (
			);
			dependencies = (
			);
			name = cmdtool1;
			productName = cmdtool1;
			productReference = B267762D22C5BA0D00AA657E /* cmdtool1 */;
			productType = "com.apple.product-type.tool";
		};
/* End PBXNativeTarget section */

/* Begin PBXProject section */
		B267762522C5BA0D00AA657E /* Project object */ = {
			isa = PBXProject;
			attributes = {
				LastSwiftUpdateCheck = 1020;
				LastUpgradeCheck = 1020;
				ORGANIZATIONNAME = Tataro.com.tw;
				TargetAttributes = {
					B267762C22C5BA0D00AA657E = {
						CreatedOnToolsVersion = 10.2.1;
					};
				};
			};
			buildConfigurationList = B267762822C5BA0D00AA657E /* Build configuration list for PBXProject "cmdtool1" */;
			compatibilityVersion = "Xcode 9.3";
			developmentRegion = en;
			hasScannedForEncodings = 0;
			knownRegions = (
				en,
			);
			mainGroup = B267762422C5BA0D00AA657E;
			productRefGroup = B267762E22C5BA0D00AA657E /* Products */;
			projectDirPath = "";
			projectRoot = "";
			targets = (
				B267762C22C5BA0D00AA657E /* cmdtool1 */,
			);
		};
/* End PBXProject section */

/* Begin PBXSourcesBuildPhase section */
		B267762922C5BA0D00AA657E /* Sources */ = {
			isa = PBXSourcesBuildPhase;
			buildActionMask = 2147483647;
			files = (
				B276301322E5FD1300B52E39 /* noodle.swift in Sources */,
				B267764222C73D4600AA657E /* filePro.swift in Sources */,
				B267763122C5BA0D00AA657E /* main.swift in Sources */,
				B270A4A822DC814700842A17 /* mps-ref.swift in Sources */,
				B267763E22C65ED200AA657E /* panagram.swift in Sources */,
				B2F7043A22C8A46B00FCE837 /* RevisedDict.swift in Sources */,
				B276301222E5FCF100B52E39 /* MiniArray.swift in Sources */,
				B267763C22C5EE8B00AA657E /* consoleIO.swift in Sources */,
			);
			runOnlyForDeploymentPostprocessing = 0;
		};
/* End PBXSourcesBuildPhase section */

/* Begin XCBuildConfiguration section */
		B267763222C5BA0D00AA657E /* Debug */ = {
			isa = XCBuildConfiguration;
			buildSettings = {
				ALWAYS_SEARCH_USER_PATHS = NO;
				CLANG_ANALYZER_NONNULL = YES;
				CLANG_ANALYZER_NUMBER_OBJECT_CONVERSION = YES_AGGRESSIVE;
				CLANG_CXX_LANGUAGE_STANDARD = "gnu++14";
				CLANG_CXX_LIBRARY = "libc++";
				CLANG_ENABLE_MODULES = YES;
				CLANG_ENABLE_OBJC_ARC = YES;
				CLANG_ENABLE_OBJC_WEAK = YES;
				CLANG_WARN_BLOCK_CAPTURE_AUTORELEASING = YES;
				CLANG_WARN_BOOL_CONVERSION = YES;
				CLANG_WARN_COMMA = YES;
				CLANG_WARN_CONSTANT_CONVERSION = YES;
				CLANG_WARN_DEPRECATED_OBJC_IMPLEMENTATIONS = YES;
				CLANG_WARN_DIRECT_OBJC_ISA_USAGE = YES_ERROR;
				CLANG_WARN_DOCUMENTATION_COMMENTS = YES;
				CLANG_WARN_EMPTY_BODY = YES;
				CLANG_WARN_ENUM_CONVERSION = YES;
				CLANG_WARN_INFINITE_RECURSION = YES;
				CLANG_WARN_INT_CONVERSION = YES;
				CLANG_WARN_NON_LITERAL_NULL_CONVERSION = YES;
				CLANG_WARN_OBJC_IMPLICIT_RETAIN_SELF = YES;
				CLANG_WARN_OBJC_LITERAL_CONVERSION = YES;
				CLANG_WARN_OBJC_ROOT_CLASS = YES_ERROR;
				CLANG_WARN_RANGE_LOOP_ANALYSIS = YES;
				CLANG_WARN_STRICT_PROTOTYPES = YES;
				CLANG_WARN_SUSPICIOUS_MOVE = YES;
				CLANG_WARN_UNGUARDED_AVAILABILITY = YES_AGGRESSIVE;
				CLANG_WARN_UNREACHABLE_CODE = YES;
				CLANG_WARN__DUPLICATE_METHOD_MATCH = YES;
				CODE_SIGN_IDENTITY = "Mac Developer";
				COPY_PHASE_STRIP = NO;
				DEBUG_INFORMATION_FORMAT = dwarf;
				ENABLE_STRICT_OBJC_MSGSEND = YES;
				ENABLE_TESTABILITY = YES;
				GCC_C_LANGUAGE_STANDARD = gnu11;
				GCC_DYNAMIC_NO_PIC = NO;
				GCC_NO_COMMON_BLOCKS = YES;
				GCC_OPTIMIZATION_LEVEL = 0;
				GCC_PREPROCESSOR_DEFINITIONS = (
					"DEBUG=1",
					"$(inherited)",
				);
				GCC_WARN_64_TO_32_BIT_CONVERSION = YES;
				GCC_WARN_ABOUT_RETURN_TYPE = YES_ERROR;
				GCC_WARN_UNDECLARED_SELECTOR = YES;
				GCC_WARN_UNINITIALIZED_AUTOS = YES_AGGRESSIVE;
				GCC_WARN_UNUSED_FUNCTION = YES;
				GCC_WARN_UNUSED_VARIABLE = YES;
				MACOSX_DEPLOYMENT_TARGET = 10.14;
				MTL_ENABLE_DEBUG_INFO = INCLUDE_SOURCE;
				MTL_FAST_MATH = YES;
				ONLY_ACTIVE_ARCH = YES;
				SDKROOT = macosx;
				SWIFT_ACTIVE_COMPILATION_CONDITIONS = DEBUG;
				SWIFT_OPTIMIZATION_LEVEL = "-Onone";
			};
			name = Debug;
		};
		B267763322C5BA0D00AA657E /* Release */ = {
			isa = XCBuildConfiguration;
			buildSettings = {
				ALWAYS_SEARCH_USER_PATHS = NO;
				CLANG_ANALYZER_NONNULL = YES;
				CLANG_ANALYZER_NUMBER_OBJECT_CONVERSION = YES_AGGRESSIVE;
				CLANG_CXX_LANGUAGE_STANDARD = "gnu++14";
				CLANG_CXX_LIBRARY = "libc++";
				CLANG_ENABLE_MODULES = YES;
				CLANG_ENABLE_OBJC_ARC = YES;
				CLANG_ENABLE_OBJC_WEAK = YES;
				CLANG_WARN_BLOCK_CAPTURE_AUTORELEASING = YES;
				CLANG_WARN_BOOL_CONVERSION = YES;
				CLANG_WARN_COMMA = YES;
				CLANG_WARN_CONSTANT_CONVERSION = YES;
				CLANG_WARN_DEPRECATED_OBJC_IMPLEMENTATIONS = YES;
				CLANG_WARN_DIRECT_OBJC_ISA_USAGE = YES_ERROR;
				CLANG_WARN_DOCUMENTATION_COMMENTS = YES;
				CLANG_WARN_EMPTY_BODY = YES;
				CLANG_WARN_ENUM_CONVERSION = YES;
				CLANG_WARN_INFINITE_RECURSION = YES;
				CLANG_WARN_INT_CONVERSION = YES;
				CLANG_WARN_NON_LITERAL_NULL_CONVERSION = YES;
				CLANG_WARN_OBJC_IMPLICIT_RETAIN_SELF = YES;
				CLANG_WARN_OBJC_LITERAL_CONVERSION = YES;
				CLANG_WARN_OBJC_ROOT_CLASS = YES_ERROR;
				CLANG_WARN_RANGE_LOOP_ANALYSIS = YES;
				CLANG_WARN_STRICT_PROTOTYPES = YES;
				CLANG_WARN_SUSPICIOUS_MOVE = YES;
				CLANG_WARN_UNGUARDED_AVAILABILITY = YES_AGGRESSIVE;
				CLANG_WARN_UNREACHABLE_CODE = YES;
				CLANG_WARN__DUPLICATE_METHOD_MATCH = YES;
				CODE_SIGN_IDENTITY = "Mac Developer";
				COPY_PHASE_STRIP = NO;
				DEBUG_INFORMATION_FORMAT = "dwarf-with-dsym";
				ENABLE_NS_ASSERTIONS = NO;
				ENABLE_STRICT_OBJC_MSGSEND = YES;
				GCC_C_LANGUAGE_STANDARD = gnu11;
				GCC_NO_COMMON_BLOCKS = YES;
				GCC_WARN_64_TO_32_BIT_CONVERSION = YES;
				GCC_WARN_ABOUT_RETURN_TYPE = YES_ERROR;
				GCC_WARN_UNDECLARED_SELECTOR = YES;
				GCC_WARN_UNINITIALIZED_AUTOS = YES_AGGRESSIVE;
				GCC_WARN_UNUSED_FUNCTION = YES;
				GCC_WARN_UNUSED_VARIABLE = YES;
				MACOSX_DEPLOYMENT_TARGET = 10.14;
				MTL_ENABLE_DEBUG_INFO = NO;
				MTL_FAST_MATH = YES;
				SDKROOT = macosx;
				SWIFT_COMPILATION_MODE = wholemodule;
				SWIFT_OPTIMIZATION_LEVEL = "-O";
			};
			name = Release;
		};
		B267763522C5BA0D00AA657E /* Debug */ = {
			isa = XCBuildConfiguration;
			buildSettings = {
				CODE_SIGN_STYLE = Automatic;
				DEVELOPMENT_TEAM = 25HQJGGH6U;
				PRODUCT_NAME = "$(TARGET_NAME)";
				SWIFT_VERSION = 5.0;
			};
			name = Debug;
		};
		B267763622C5BA0D00AA657E /* Release */ = {
			isa = XCBuildConfiguration;
			buildSettings = {
				CODE_SIGN_STYLE = Automatic;
				DEVELOPMENT_TEAM = 25HQJGGH6U;
				PRODUCT_NAME = "$(TARGET_NAME)";
				SWIFT_VERSION = 5.0;
			};
			name = Release;
		};
/* End XCBuildConfiguration section */

/* Begin XCConfigurationList section */
		B267762822C5BA0D00AA657E /* Build configuration list for PBXProject "cmdtool1" */ = {
			isa = XCConfigurationList;
			buildConfigurations = (
				B267763222C5BA0D00AA657E /* Debug */,
				B267763322C5BA0D00AA657E /* Release */,
			);
			defaultConfigurationIsVisible = 0;
			defaultConfigurationName = Release;
		};
		B267763422C5BA0D00AA657E /* Build configuration list for PBXNativeTarget "cmdtool1" */ = {
			isa = XCConfigurationList;
			buildConfigurations = (
				B267763522C5BA0D00AA657E /* Debug */,
				B267763622C5BA0D00AA657E /* Release */,
			);
			defaultConfigurationIsVisible = 0;
			defaultConfigurationName = Release;
		};
/* End XCConfigurationList section */
	};
	rootObject = B267762522C5BA0D00AA657E /* Project object */;
}
